
Microsoft Visual Studio Solution File, Format Version 12.00
# Visual Studio 2012
Project("{FAE04EC0-301F-11D3-BF4B-00C04F79EFBC}") = "nMLFA", "nMLFA\nMLFA.csproj", "{2174BA35-EF42-4C87-83AE-CF03894391A4}"
EndProject
Global
	GlobalSection(SolutionConfigurationPlatforms) = preSolution
		Debug|x86 = Debug|x86
		Release|x86 = Release|x86
	EndGlobalSection
	GlobalSection(ProjectConfigurationPlatforms) = postSolution
		{2174BA35-EF42-4C87-83AE-CF03894391A4}.Debug|x86.ActiveCfg = Debug|x86
		{2174BA35-EF42-4C87-83AE-CF03894391A4}.Debug|x86.Build.0 = Debug|x86
		{2174BA35-EF42-4C87-83AE-CF03894391A4}.Release|x86.ActiveCfg = Release|x86
		{2174BA35-EF42-4C87-83AE-CF03894391A4}.Release|x86.Build.0 = Release|x86
	EndGlobalSection
EndGlobal
